// !$*UTF8*$!
{
	archiveVersion = 1;
	classes = {
	};
	objectVersion = 50;
	objects = {

/* Begin PBXBuildFile section */
		6AA3938621B11421009BA170 /* SetsLogTableViewCell.swift in Sources */ = {isa = PBXBuildFile; fileRef = 6AA3938421B11421009BA170 /* SetsLogTableViewCell.swift */; };
		6AA3938721B11421009BA170 /* SetsLogTableViewCell.xib in Resources */ = {isa = PBXBuildFile; fileRef = 6AA3938521B11421009BA170 /* SetsLogTableViewCell.xib */; };
		6AF8449C2191159A004B2D5B /* AppDelegate.swift in Sources */ = {isa = PBXBuildFile; fileRef = 6AF8449B2191159A004B2D5B /* AppDelegate.swift */; };
		6AF8449E2191159A004B2D5B /* WelcomeViewController.swift in Sources */ = {isa = PBXBuildFile; fileRef = 6AF8449D2191159A004B2D5B /* WelcomeViewController.swift */; };
		6AF844A12191159A004B2D5B /* Main.storyboard in Resources */ = {isa = PBXBuildFile; fileRef = 6AF8449F2191159A004B2D5B /* Main.storyboard */; };
		6AF844A32191159C004B2D5B /* Assets.xcassets in Resources */ = {isa = PBXBuildFile; fileRef = 6AF844A22191159C004B2D5B /* Assets.xcassets */; };
		6AF844A62191159C004B2D5B /* LaunchScreen.storyboard in Resources */ = {isa = PBXBuildFile; fileRef = 6AF844A42191159C004B2D5B /* LaunchScreen.storyboard */; };
		6AF844B021924EB9004B2D5B /* Default-568h@2x.png in Resources */ = {isa = PBXBuildFile; fileRef = 6AF844AF21924EB9004B2D5B /* Default-568h@2x.png */; };
		6AF844B421927AA1004B2D5B /* SetNameViewController.swift in Sources */ = {isa = PBXBuildFile; fileRef = 6AF844B321927AA1004B2D5B /* SetNameViewController.swift */; };
		6AF844B62192B5DB004B2D5B /* WorkoutViewController.swift in Sources */ = {isa = PBXBuildFile; fileRef = 6AF844B52192B5DB004B2D5B /* WorkoutViewController.swift */; };
		6AF844BC21940548004B2D5B /* ExerciseLogTableViewCell.swift in Sources */ = {isa = PBXBuildFile; fileRef = 6AF844BA21940548004B2D5B /* ExerciseLogTableViewCell.swift */; };
		6AF844BD21940548004B2D5B /* ExerciseLogTableViewCell.xib in Resources */ = {isa = PBXBuildFile; fileRef = 6AF844BB21940548004B2D5B /* ExerciseLogTableViewCell.xib */; };
		6AF844E821AFAA25004B2D5B /* DataModel.xcdatamodeld in Sources */ = {isa = PBXBuildFile; fileRef = 6AF844E621AFAA25004B2D5B /* DataModel.xcdatamodeld */; };
		6AF844EA21AFDB35004B2D5B /* CompletedViewController.swift in Sources */ = {isa = PBXBuildFile; fileRef = 6AF844E921AFDB35004B2D5B /* CompletedViewController.swift */; };
		6AF844ED21B044A7004B2D5B /* CompletedTableViewCell.swift in Sources */ = {isa = PBXBuildFile; fileRef = 6AF844EB21B044A7004B2D5B /* CompletedTableViewCell.swift */; };
		6AF844EE21B044A7004B2D5B /* CompletedTableViewCell.xib in Resources */ = {isa = PBXBuildFile; fileRef = 6AF844EC21B044A7004B2D5B /* CompletedTableViewCell.xib */; };
		B016A6CD21BD0C3B003184B3 /* Health_TrackerTests.swift in Sources */ = {isa = PBXBuildFile; fileRef = B016A6CC21BD0C3B003184B3 /* Health_TrackerTests.swift */; };
		B0198E5421BD166E008F0BF8 /* CompletedWorkoutsTesting.swift in Sources */ = {isa = PBXBuildFile; fileRef = B0198E5321BD166E008F0BF8 /* CompletedWorkoutsTesting.swift */; };
		B0198E5621BD1D79008F0BF8 /* WorkoutViewTests.swift in Sources */ = {isa = PBXBuildFile; fileRef = B0198E5521BD1D79008F0BF8 /* WorkoutViewTests.swift */; };
		B0198E5E21BDB3EF008F0BF8 /* Health_TrackerTestSuite.swift in Sources */ = {isa = PBXBuildFile; fileRef = B0198E5D21BDB3EF008F0BF8 /* Health_TrackerTestSuite.swift */; };
		B0198E6621BDB40E008F0BF8 /* WorkoutViewTest.swift in Sources */ = {isa = PBXBuildFile; fileRef = B0198E6521BDB40E008F0BF8 /* WorkoutViewTest.swift */; };
		B0198E6821BDC55A008F0BF8 /* CompletedViewTest.swift in Sources */ = {isa = PBXBuildFile; fileRef = B0198E6721BDC55A008F0BF8 /* CompletedViewTest.swift */; };
		B0198E6A21BDC6E9008F0BF8 /* SetNameViewTest.swift in Sources */ = {isa = PBXBuildFile; fileRef = B0198E6921BDC6E9008F0BF8 /* SetNameViewTest.swift */; };
		B0198E6C21BDC701008F0BF8 /* SetRepsViewTest.swift in Sources */ = {isa = PBXBuildFile; fileRef = B0198E6B21BDC701008F0BF8 /* SetRepsViewTest.swift */; };
		B06FAAE821AF522300009996 /* SetRepsViewController.swift in Sources */ = {isa = PBXBuildFile; fileRef = B06FAAE721AF522300009996 /* SetRepsViewController.swift */; };
/* End PBXBuildFile section */

/* Begin PBXContainerItemProxy section */
		B016A6CF21BD0C3B003184B3 /* PBXContainerItemProxy */ = {
			isa = PBXContainerItemProxy;
			containerPortal = 6AF844902191159A004B2D5B /* Project object */;
			proxyType = 1;
			remoteGlobalIDString = 6AF844972191159A004B2D5B;
			remoteInfo = "Health Tracker";
		};
		B0198E6021BDB3EF008F0BF8 /* PBXContainerItemProxy */ = {
			isa = PBXContainerItemProxy;
			containerPortal = 6AF844902191159A004B2D5B /* Project object */;
			proxyType = 1;
			remoteGlobalIDString = 6AF844972191159A004B2D5B;
			remoteInfo = "Health Tracker";
		};
/* End PBXContainerItemProxy section */

/* Begin PBXFileReference section */
		6AA3938421B11421009BA170 /* SetsLogTableViewCell.swift */ = {isa = PBXFileReference; lastKnownFileType = sourcecode.swift; path = SetsLogTableViewCell.swift; sourceTree = "<group>"; };
		6AA3938521B11421009BA170 /* SetsLogTableViewCell.xib */ = {isa = PBXFileReference; lastKnownFileType = file.xib; path = SetsLogTableViewCell.xib; sourceTree = "<group>"; };
		6AF844982191159A004B2D5B /* Health Tracker.app */ = {isa = PBXFileReference; explicitFileType = wrapper.application; includeInIndex = 0; path = "Health Tracker.app"; sourceTree = BUILT_PRODUCTS_DIR; };
		6AF8449B2191159A004B2D5B /* AppDelegate.swift */ = {isa = PBXFileReference; lastKnownFileType = sourcecode.swift; path = AppDelegate.swift; sourceTree = "<group>"; };
		6AF8449D2191159A004B2D5B /* WelcomeViewController.swift */ = {isa = PBXFileReference; lastKnownFileType = sourcecode.swift; path = WelcomeViewController.swift; sourceTree = "<group>"; };
		6AF844A02191159A004B2D5B /* Base */ = {isa = PBXFileReference; lastKnownFileType = file.storyboard; name = Base; path = Base.lproj/Main.storyboard; sourceTree = "<group>"; };
		6AF844A22191159C004B2D5B /* Assets.xcassets */ = {isa = PBXFileReference; lastKnownFileType = folder.assetcatalog; path = Assets.xcassets; sourceTree = "<group>"; };
		6AF844A52191159C004B2D5B /* Base */ = {isa = PBXFileReference; lastKnownFileType = file.storyboard; name = Base; path = Base.lproj/LaunchScreen.storyboard; sourceTree = "<group>"; };
		6AF844A72191159C004B2D5B /* Info.plist */ = {isa = PBXFileReference; lastKnownFileType = text.plist.xml; path = Info.plist; sourceTree = "<group>"; };
		6AF844AF21924EB9004B2D5B /* Default-568h@2x.png */ = {isa = PBXFileReference; lastKnownFileType = image.png; path = "Default-568h@2x.png"; sourceTree = "<group>"; };
		6AF844B321927AA1004B2D5B /* SetNameViewController.swift */ = {isa = PBXFileReference; lastKnownFileType = sourcecode.swift; path = SetNameViewController.swift; sourceTree = "<group>"; };
		6AF844B52192B5DB004B2D5B /* WorkoutViewController.swift */ = {isa = PBXFileReference; lastKnownFileType = sourcecode.swift; path = WorkoutViewController.swift; sourceTree = "<group>"; };
		6AF844BA21940548004B2D5B /* ExerciseLogTableViewCell.swift */ = {isa = PBXFileReference; lastKnownFileType = sourcecode.swift; path = ExerciseLogTableViewCell.swift; sourceTree = "<group>"; };
		6AF844BB21940548004B2D5B /* ExerciseLogTableViewCell.xib */ = {isa = PBXFileReference; lastKnownFileType = file.xib; path = ExerciseLogTableViewCell.xib; sourceTree = "<group>"; };
		6AF844E721AFAA25004B2D5B /* DataModel.xcdatamodel */ = {isa = PBXFileReference; lastKnownFileType = wrapper.xcdatamodel; path = DataModel.xcdatamodel; sourceTree = "<group>"; };
		6AF844E921AFDB35004B2D5B /* CompletedViewController.swift */ = {isa = PBXFileReference; lastKnownFileType = sourcecode.swift; path = CompletedViewController.swift; sourceTree = "<group>"; };
		6AF844EB21B044A7004B2D5B /* CompletedTableViewCell.swift */ = {isa = PBXFileReference; lastKnownFileType = sourcecode.swift; path = CompletedTableViewCell.swift; sourceTree = "<group>"; };
		6AF844EC21B044A7004B2D5B /* CompletedTableViewCell.xib */ = {isa = PBXFileReference; lastKnownFileType = file.xib; path = CompletedTableViewCell.xib; sourceTree = "<group>"; };
		B016A6CA21BD0C3B003184B3 /* Health TrackerTests.xctest */ = {isa = PBXFileReference; explicitFileType = wrapper.cfbundle; includeInIndex = 0; path = "Health TrackerTests.xctest"; sourceTree = BUILT_PRODUCTS_DIR; };
		B016A6CC21BD0C3B003184B3 /* Health_TrackerTests.swift */ = {isa = PBXFileReference; lastKnownFileType = sourcecode.swift; path = Health_TrackerTests.swift; sourceTree = "<group>"; };
		B016A6CE21BD0C3B003184B3 /* Info.plist */ = {isa = PBXFileReference; lastKnownFileType = text.plist.xml; path = Info.plist; sourceTree = "<group>"; };
		B0198E5321BD166E008F0BF8 /* CompletedWorkoutsTesting.swift */ = {isa = PBXFileReference; lastKnownFileType = sourcecode.swift; path = CompletedWorkoutsTesting.swift; sourceTree = "<group>"; };
		B0198E5521BD1D79008F0BF8 /* WorkoutViewTests.swift */ = {isa = PBXFileReference; lastKnownFileType = sourcecode.swift; path = WorkoutViewTests.swift; sourceTree = "<group>"; };
		B0198E5B21BDB3EF008F0BF8 /* Health TrackerTestSuite.xctest */ = {isa = PBXFileReference; explicitFileType = wrapper.cfbundle; includeInIndex = 0; path = "Health TrackerTestSuite.xctest"; sourceTree = BUILT_PRODUCTS_DIR; };
		B0198E5D21BDB3EF008F0BF8 /* Health_TrackerTestSuite.swift */ = {isa = PBXFileReference; lastKnownFileType = sourcecode.swift; path = Health_TrackerTestSuite.swift; sourceTree = "<group>"; };
		B0198E5F21BDB3EF008F0BF8 /* Info.plist */ = {isa = PBXFileReference; lastKnownFileType = text.plist.xml; path = Info.plist; sourceTree = "<group>"; };
		B0198E6521BDB40E008F0BF8 /* WorkoutViewTest.swift */ = {isa = PBXFileReference; lastKnownFileType = sourcecode.swift; path = WorkoutViewTest.swift; sourceTree = "<group>"; };
		B0198E6721BDC55A008F0BF8 /* CompletedViewTest.swift */ = {isa = PBXFileReference; lastKnownFileType = sourcecode.swift; path = CompletedViewTest.swift; sourceTree = "<group>"; };
		B0198E6921BDC6E9008F0BF8 /* SetNameViewTest.swift */ = {isa = PBXFileReference; lastKnownFileType = sourcecode.swift; path = SetNameViewTest.swift; sourceTree = "<group>"; };
		B0198E6B21BDC701008F0BF8 /* SetRepsViewTest.swift */ = {isa = PBXFileReference; lastKnownFileType = sourcecode.swift; path = SetRepsViewTest.swift; sourceTree = "<group>"; };
		B06FAAE721AF522300009996 /* SetRepsViewController.swift */ = {isa = PBXFileReference; lastKnownFileType = sourcecode.swift; path = SetRepsViewController.swift; sourceTree = "<group>"; };
/* End PBXFileReference section */

/* Begin PBXFrameworksBuildPhase section */
		6AF844952191159A004B2D5B /* Frameworks */ = {
			isa = PBXFrameworksBuildPhase;
			buildActionMask = 2147483647;
			files = (
			);
			runOnlyForDeploymentPostprocessing = 0;
		};
		B016A6C721BD0C3B003184B3 /* Frameworks */ = {
			isa = PBXFrameworksBuildPhase;
			buildActionMask = 2147483647;
			files = (
			);
			runOnlyForDeploymentPostprocessing = 0;
		};
		B0198E5821BDB3EF008F0BF8 /* Frameworks */ = {
			isa = PBXFrameworksBuildPhase;
			buildActionMask = 2147483647;
			files = (
			);
			runOnlyForDeploymentPostprocessing = 0;
		};
/* End PBXFrameworksBuildPhase section */

/* Begin PBXGroup section */
		6AF8448F2191159A004B2D5B = {
			isa = PBXGroup;
			children = (
				6AF844AF21924EB9004B2D5B /* Default-568h@2x.png */,
				6AF8449A2191159A004B2D5B /* Health Tracker */,
				B016A6CB21BD0C3B003184B3 /* Health TrackerTests */,
				B0198E5C21BDB3EF008F0BF8 /* Health TrackerTestSuite */,
				6AF844992191159A004B2D5B /* Products */,
			);
			sourceTree = "<group>";
		};
		6AF844992191159A004B2D5B /* Products */ = {
			isa = PBXGroup;
			children = (
				6AF844982191159A004B2D5B /* Health Tracker.app */,
				B016A6CA21BD0C3B003184B3 /* Health TrackerTests.xctest */,
				B0198E5B21BDB3EF008F0BF8 /* Health TrackerTestSuite.xctest */,
			);
			name = Products;
			sourceTree = "<group>";
		};
		6AF8449A2191159A004B2D5B /* Health Tracker */ = {
			isa = PBXGroup;
			children = (
				6AF844A72191159C004B2D5B /* Info.plist */,
				6AF844B121924EC0004B2D5B /* Model */,
				6AF844AE21924E9A004B2D5B /* Controller */,
				6AF844B221924EDA004B2D5B /* View */,
				6AF844A22191159C004B2D5B /* Assets.xcassets */,
			);
			path = "Health Tracker";
			sourceTree = "<group>";
		};
		6AF844AE21924E9A004B2D5B /* Controller */ = {
			isa = PBXGroup;
			children = (
				6AF8449B2191159A004B2D5B /* AppDelegate.swift */,
				B06FAAE721AF522300009996 /* SetRepsViewController.swift */,
				6AF8449D2191159A004B2D5B /* WelcomeViewController.swift */,
				6AF844B321927AA1004B2D5B /* SetNameViewController.swift */,
				6AF844B52192B5DB004B2D5B /* WorkoutViewController.swift */,
				6AF844E921AFDB35004B2D5B /* CompletedViewController.swift */,
			);
			path = Controller;
			sourceTree = "<group>";
		};
		6AF844B121924EC0004B2D5B /* Model */ = {
			isa = PBXGroup;
			children = (
				6AF844E621AFAA25004B2D5B /* DataModel.xcdatamodeld */,
			);
			path = Model;
			sourceTree = "<group>";
		};
		6AF844B221924EDA004B2D5B /* View */ = {
			isa = PBXGroup;
			children = (
				6AF8449F2191159A004B2D5B /* Main.storyboard */,
				6AF844A42191159C004B2D5B /* LaunchScreen.storyboard */,
				6AF844B921940521004B2D5B /* Custom Cells */,
			);
			path = View;
			sourceTree = "<group>";
		};
		6AF844B921940521004B2D5B /* Custom Cells */ = {
			isa = PBXGroup;
			children = (
				6AF844BA21940548004B2D5B /* ExerciseLogTableViewCell.swift */,
				6AF844BB21940548004B2D5B /* ExerciseLogTableViewCell.xib */,
				6AF844EB21B044A7004B2D5B /* CompletedTableViewCell.swift */,
				6AF844EC21B044A7004B2D5B /* CompletedTableViewCell.xib */,
				6AA3938421B11421009BA170 /* SetsLogTableViewCell.swift */,
				6AA3938521B11421009BA170 /* SetsLogTableViewCell.xib */,
			);
			path = "Custom Cells";
			sourceTree = "<group>";
		};
		B016A6CB21BD0C3B003184B3 /* Health TrackerTests */ = {
			isa = PBXGroup;
			children = (
				B016A6CC21BD0C3B003184B3 /* Health_TrackerTests.swift */,
				B016A6CE21BD0C3B003184B3 /* Info.plist */,
				B0198E5321BD166E008F0BF8 /* CompletedWorkoutsTesting.swift */,
				B0198E5521BD1D79008F0BF8 /* WorkoutViewTests.swift */,
			);
			path = "Health TrackerTests";
			sourceTree = "<group>";
		};
		B0198E5C21BDB3EF008F0BF8 /* Health TrackerTestSuite */ = {
			isa = PBXGroup;
			children = (
				B0198E5D21BDB3EF008F0BF8 /* Health_TrackerTestSuite.swift */,
				B0198E5F21BDB3EF008F0BF8 /* Info.plist */,
				B0198E6521BDB40E008F0BF8 /* WorkoutViewTest.swift */,
				B0198E6721BDC55A008F0BF8 /* CompletedViewTest.swift */,
				B0198E6921BDC6E9008F0BF8 /* SetNameViewTest.swift */,
				B0198E6B21BDC701008F0BF8 /* SetRepsViewTest.swift */,
			);
			path = "Health TrackerTestSuite";
			sourceTree = "<group>";
		};
/* End PBXGroup section */

/* Begin PBXNativeTarget section */
		6AF844972191159A004B2D5B /* Health Tracker */ = {
			isa = PBXNativeTarget;
			buildConfigurationList = 6AF844AA2191159C004B2D5B /* Build configuration list for PBXNativeTarget "Health Tracker" */;
			buildPhases = (
				6AF844942191159A004B2D5B /* Sources */,
				6AF844952191159A004B2D5B /* Frameworks */,
				6AF844962191159A004B2D5B /* Resources */,
			);
			buildRules = (
			);
			dependencies = (
			);
			name = "Health Tracker";
			productName = "Health Tracker";
			productReference = 6AF844982191159A004B2D5B /* Health Tracker.app */;
			productType = "com.apple.product-type.application";
		};
		B016A6C921BD0C3B003184B3 /* Health TrackerTests */ = {
			isa = PBXNativeTarget;
			buildConfigurationList = B016A6D321BD0C3B003184B3 /* Build configuration list for PBXNativeTarget "Health TrackerTests" */;
			buildPhases = (
				B016A6C621BD0C3B003184B3 /* Sources */,
				B016A6C721BD0C3B003184B3 /* Frameworks */,
				B016A6C821BD0C3B003184B3 /* Resources */,
			);
			buildRules = (
			);
			dependencies = (
				B016A6D021BD0C3B003184B3 /* PBXTargetDependency */,
			);
			name = "Health TrackerTests";
			productName = "Health TrackerTests";
			productReference = B016A6CA21BD0C3B003184B3 /* Health TrackerTests.xctest */;
			productType = "com.apple.product-type.bundle.unit-test";
		};
		B0198E5A21BDB3EF008F0BF8 /* Health TrackerTestSuite */ = {
			isa = PBXNativeTarget;
			buildConfigurationList = B0198E6221BDB3EF008F0BF8 /* Build configuration list for PBXNativeTarget "Health TrackerTestSuite" */;
			buildPhases = (
				B0198E5721BDB3EF008F0BF8 /* Sources */,
				B0198E5821BDB3EF008F0BF8 /* Frameworks */,
				B0198E5921BDB3EF008F0BF8 /* Resources */,
			);
			buildRules = (
			);
			dependencies = (
				B0198E6121BDB3EF008F0BF8 /* PBXTargetDependency */,
			);
			name = "Health TrackerTestSuite";
			productName = "Health TrackerTestSuite";
			productReference = B0198E5B21BDB3EF008F0BF8 /* Health TrackerTestSuite.xctest */;
			productType = "com.apple.product-type.bundle.unit-test";
		};
/* End PBXNativeTarget section */

/* Begin PBXProject section */
		6AF844902191159A004B2D5B /* Project object */ = {
			isa = PBXProject;
			attributes = {
				LastSwiftUpdateCheck = 1010;
				LastUpgradeCheck = 0940;
				ORGANIZATIONNAME = CS4278FinalProject;
				TargetAttributes = {
					6AF844972191159A004B2D5B = {
						CreatedOnToolsVersion = 9.4.1;
					};
					B016A6C921BD0C3B003184B3 = {
						CreatedOnToolsVersion = 10.1;
						TestTargetID = 6AF844972191159A004B2D5B;
					};
					B0198E5A21BDB3EF008F0BF8 = {
						CreatedOnToolsVersion = 10.1;
						TestTargetID = 6AF844972191159A004B2D5B;
					};
				};
			};
			buildConfigurationList = 6AF844932191159A004B2D5B /* Build configuration list for PBXProject "Health Tracker" */;
			compatibilityVersion = "Xcode 9.3";
			developmentRegion = en;
			hasScannedForEncodings = 0;
			knownRegions = (
				en,
				Base,
			);
			mainGroup = 6AF8448F2191159A004B2D5B;
			productRefGroup = 6AF844992191159A004B2D5B /* Products */;
			projectDirPath = "";
			projectRoot = "";
			targets = (
				6AF844972191159A004B2D5B /* Health Tracker */,
				B016A6C921BD0C3B003184B3 /* Health TrackerTests */,
				B0198E5A21BDB3EF008F0BF8 /* Health TrackerTestSuite */,
			);
		};
/* End PBXProject section */

/* Begin PBXResourcesBuildPhase section */
		6AF844962191159A004B2D5B /* Resources */ = {
			isa = PBXResourcesBuildPhase;
			buildActionMask = 2147483647;
			files = (
				6AF844A62191159C004B2D5B /* LaunchScreen.storyboard in Resources */,
				6AF844EE21B044A7004B2D5B /* CompletedTableViewCell.xib in Resources */,
				6AF844B021924EB9004B2D5B /* Default-568h@2x.png in Resources */,
				6AF844A32191159C004B2D5B /* Assets.xcassets in Resources */,
				6AA3938721B11421009BA170 /* SetsLogTableViewCell.xib in Resources */,
				6AF844A12191159A004B2D5B /* Main.storyboard in Resources */,
				6AF844BD21940548004B2D5B /* ExerciseLogTableViewCell.xib in Resources */,
			);
			runOnlyForDeploymentPostprocessing = 0;
		};
		B016A6C821BD0C3B003184B3 /* Resources */ = {
			isa = PBXResourcesBuildPhase;
			buildActionMask = 2147483647;
			files = (
			);
			runOnlyForDeploymentPostprocessing = 0;
		};
		B0198E5921BDB3EF008F0BF8 /* Resources */ = {
			isa = PBXResourcesBuildPhase;
			buildActionMask = 2147483647;
			files = (
			);
			runOnlyForDeploymentPostprocessing = 0;
		};
/* End PBXResourcesBuildPhase section */

/* Begin PBXSourcesBuildPhase section */
		6AF844942191159A004B2D5B /* Sources */ = {
			isa = PBXSourcesBuildPhase;
			buildActionMask = 2147483647;
			files = (
				6AF844B62192B5DB004B2D5B /* WorkoutViewController.swift in Sources */,
				6AA3938621B11421009BA170 /* SetsLogTableViewCell.swift in Sources */,
				6AF844ED21B044A7004B2D5B /* CompletedTableViewCell.swift in Sources */,
				6AF8449E2191159A004B2D5B /* WelcomeViewController.swift in Sources */,
				6AF8449C2191159A004B2D5B /* AppDelegate.swift in Sources */,
				6AF844E821AFAA25004B2D5B /* DataModel.xcdatamodeld in Sources */,
				6AF844EA21AFDB35004B2D5B /* CompletedViewController.swift in Sources */,
				B06FAAE821AF522300009996 /* SetRepsViewController.swift in Sources */,
				6AF844B421927AA1004B2D5B /* SetNameViewController.swift in Sources */,
				6AF844BC21940548004B2D5B /* ExerciseLogTableViewCell.swift in Sources */,
			);
			runOnlyForDeploymentPostprocessing = 0;
		};
		B016A6C621BD0C3B003184B3 /* Sources */ = {
			isa = PBXSourcesBuildPhase;
			buildActionMask = 2147483647;
			files = (
				B0198E5621BD1D79008F0BF8 /* WorkoutViewTests.swift in Sources */,
				B0198E5421BD166E008F0BF8 /* CompletedWorkoutsTesting.swift in Sources */,
				B016A6CD21BD0C3B003184B3 /* Health_TrackerTests.swift in Sources */,
			);
			runOnlyForDeploymentPostprocessing = 0;
		};
		B0198E5721BDB3EF008F0BF8 /* Sources */ = {
			isa = PBXSourcesBuildPhase;
			buildActionMask = 2147483647;
			files = (
				B0198E6A21BDC6E9008F0BF8 /* SetNameViewTest.swift in Sources */,
				B0198E6C21BDC701008F0BF8 /* SetRepsViewTest.swift in Sources */,
				B0198E6621BDB40E008F0BF8 /* WorkoutViewTest.swift in Sources */,
				B0198E5E21BDB3EF008F0BF8 /* Health_TrackerTestSuite.swift in Sources */,
				B0198E6821BDC55A008F0BF8 /* CompletedViewTest.swift in Sources */,
			);
			runOnlyForDeploymentPostprocessing = 0;
		};
/* End PBXSourcesBuildPhase section */

/* Begin PBXTargetDependency section */
		B016A6D021BD0C3B003184B3 /* PBXTargetDependency */ = {
			isa = PBXTargetDependency;
			target = 6AF844972191159A004B2D5B /* Health Tracker */;
			targetProxy = B016A6CF21BD0C3B003184B3 /* PBXContainerItemProxy */;
		};
		B0198E6121BDB3EF008F0BF8 /* PBXTargetDependency */ = {
			isa = PBXTargetDependency;
			target = 6AF844972191159A004B2D5B /* Health Tracker */;
			targetProxy = B0198E6021BDB3EF008F0BF8 /* PBXContainerItemProxy */;
		};
/* End PBXTargetDependency section */

/* Begin PBXVariantGroup section */
		6AF8449F2191159A004B2D5B /* Main.storyboard */ = {
			isa = PBXVariantGroup;
			children = (
				6AF844A02191159A004B2D5B /* Base */,
			);
			name = Main.storyboard;
			sourceTree = "<group>";
		};
		6AF844A42191159C004B2D5B /* LaunchScreen.storyboard */ = {
			isa = PBXVariantGroup;
			children = (
				6AF844A52191159C004B2D5B /* Base */,
			);
			name = LaunchScreen.storyboard;
			sourceTree = "<group>";
		};
/* End PBXVariantGroup section */

/* Begin XCBuildConfiguration section */
		6AF844A82191159C004B2D5B /* Debug */ = {
			isa = XCBuildConfiguration;
			buildSettings = {
				ALWAYS_SEARCH_USER_PATHS = NO;
				CLANG_ANALYZER_NONNULL = YES;
				CLANG_ANALYZER_NUMBER_OBJECT_CONVERSION = YES_AGGRESSIVE;
				CLANG_CXX_LANGUAGE_STANDARD = "gnu++14";
				CLANG_CXX_LIBRARY = "libc++";
				CLANG_ENABLE_MODULES = YES;
				CLANG_ENABLE_OBJC_ARC = YES;
				CLANG_ENABLE_OBJC_WEAK = YES;
				CLANG_WARN_BLOCK_CAPTURE_AUTORELEASING = YES;
				CLANG_WARN_BOOL_CONVERSION = YES;
				CLANG_WARN_COMMA = YES;
				CLANG_WARN_CONSTANT_CONVERSION = YES;
				CLANG_WARN_DEPRECATED_OBJC_IMPLEMENTATIONS = YES;
				CLANG_WARN_DIRECT_OBJC_ISA_USAGE = YES_ERROR;
				CLANG_WARN_DOCUMENTATION_COMMENTS = YES;
				CLANG_WARN_EMPTY_BODY = YES;
				CLANG_WARN_ENUM_CONVERSION = YES;
				CLANG_WARN_INFINITE_RECURSION = YES;
				CLANG_WARN_INT_CONVERSION = YES;
				CLANG_WARN_NON_LITERAL_NULL_CONVERSION = YES;
				CLANG_WARN_OBJC_IMPLICIT_RETAIN_SELF = YES;
				CLANG_WARN_OBJC_LITERAL_CONVERSION = YES;
				CLANG_WARN_OBJC_ROOT_CLASS = YES_ERROR;
				CLANG_WARN_RANGE_LOOP_ANALYSIS = YES;
				CLANG_WARN_STRICT_PROTOTYPES = YES;
				CLANG_WARN_SUSPICIOUS_MOVE = YES;
				CLANG_WARN_UNGUARDED_AVAILABILITY = YES_AGGRESSIVE;
				CLANG_WARN_UNREACHABLE_CODE = YES;
				CLANG_WARN__DUPLICATE_METHOD_MATCH = YES;
				CODE_SIGN_IDENTITY = "iPhone Developer";
				COPY_PHASE_STRIP = NO;
				DEBUG_INFORMATION_FORMAT = dwarf;
				ENABLE_STRICT_OBJC_MSGSEND = YES;
				ENABLE_TESTABILITY = YES;
				GCC_C_LANGUAGE_STANDARD = gnu11;
				GCC_DYNAMIC_NO_PIC = NO;
				GCC_NO_COMMON_BLOCKS = YES;
				GCC_OPTIMIZATION_LEVEL = 0;
				GCC_PREPROCESSOR_DEFINITIONS = (
					"DEBUG=1",
					"$(inherited)",
				);
				GCC_WARN_64_TO_32_BIT_CONVERSION = YES;
				GCC_WARN_ABOUT_RETURN_TYPE = YES_ERROR;
				GCC_WARN_UNDECLARED_SELECTOR = YES;
				GCC_WARN_UNINITIALIZED_AUTOS = YES_AGGRESSIVE;
				GCC_WARN_UNUSED_FUNCTION = YES;
				GCC_WARN_UNUSED_VARIABLE = YES;
				IPHONEOS_DEPLOYMENT_TARGET = 11.4;
				MTL_ENABLE_DEBUG_INFO = YES;
				ONLY_ACTIVE_ARCH = YES;
				SDKROOT = iphoneos;
				SWIFT_ACTIVE_COMPILATION_CONDITIONS = DEBUG;
				SWIFT_OPTIMIZATION_LEVEL = "-Onone";
			};
			name = Debug;
		};
		6AF844A92191159C004B2D5B /* Release */ = {
			isa = XCBuildConfiguration;
			buildSettings = {
				ALWAYS_SEARCH_USER_PATHS = NO;
				CLANG_ANALYZER_NONNULL = YES;
				CLANG_ANALYZER_NUMBER_OBJECT_CONVERSION = YES_AGGRESSIVE;
				CLANG_CXX_LANGUAGE_STANDARD = "gnu++14";
				CLANG_CXX_LIBRARY = "libc++";
				CLANG_ENABLE_MODULES = YES;
				CLANG_ENABLE_OBJC_ARC = YES;
				CLANG_ENABLE_OBJC_WEAK = YES;
				CLANG_WARN_BLOCK_CAPTURE_AUTORELEASING = YES;
				CLANG_WARN_BOOL_CONVERSION = YES;
				CLANG_WARN_COMMA = YES;
				CLANG_WARN_CONSTANT_CONVERSION = YES;
				CLANG_WARN_DEPRECATED_OBJC_IMPLEMENTATIONS = YES;
				CLANG_WARN_DIRECT_OBJC_ISA_USAGE = YES_ERROR;
				CLANG_WARN_DOCUMENTATION_COMMENTS = YES;
				CLANG_WARN_EMPTY_BODY = YES;
				CLANG_WARN_ENUM_CONVERSION = YES;
				CLANG_WARN_INFINITE_RECURSION = YES;
				CLANG_WARN_INT_CONVERSION = YES;
				CLANG_WARN_NON_LITERAL_NULL_CONVERSION = YES;
				CLANG_WARN_OBJC_IMPLICIT_RETAIN_SELF = YES;
				CLANG_WARN_OBJC_LITERAL_CONVERSION = YES;
				CLANG_WARN_OBJC_ROOT_CLASS = YES_ERROR;
				CLANG_WARN_RANGE_LOOP_ANALYSIS = YES;
				CLANG_WARN_STRICT_PROTOTYPES = YES;
				CLANG_WARN_SUSPICIOUS_MOVE = YES;
				CLANG_WARN_UNGUARDED_AVAILABILITY = YES_AGGRESSIVE;
				CLANG_WARN_UNREACHABLE_CODE = YES;
				CLANG_WARN__DUPLICATE_METHOD_MATCH = YES;
				CODE_SIGN_IDENTITY = "iPhone Developer";
				COPY_PHASE_STRIP = NO;
				DEBUG_INFORMATION_FORMAT = "dwarf-with-dsym";
				ENABLE_NS_ASSERTIONS = NO;
				ENABLE_STRICT_OBJC_MSGSEND = YES;
				GCC_C_LANGUAGE_STANDARD = gnu11;
				GCC_NO_COMMON_BLOCKS = YES;
				GCC_WARN_64_TO_32_BIT_CONVERSION = YES;
				GCC_WARN_ABOUT_RETURN_TYPE = YES_ERROR;
				GCC_WARN_UNDECLARED_SELECTOR = YES;
				GCC_WARN_UNINITIALIZED_AUTOS = YES_AGGRESSIVE;
				GCC_WARN_UNUSED_FUNCTION = YES;
				GCC_WARN_UNUSED_VARIABLE = YES;
				IPHONEOS_DEPLOYMENT_TARGET = 11.4;
				MTL_ENABLE_DEBUG_INFO = NO;
				SDKROOT = iphoneos;
				SWIFT_COMPILATION_MODE = wholemodule;
				SWIFT_OPTIMIZATION_LEVEL = "-O";
				VALIDATE_PRODUCT = YES;
			};
			name = Release;
		};
		6AF844AB2191159C004B2D5B /* Debug */ = {
			isa = XCBuildConfiguration;
			buildSettings = {
				ASSETCATALOG_COMPILER_APPICON_NAME = AppIcon;
				CODE_SIGN_STYLE = Automatic;
				DEVELOPMENT_TEAM = 7ST84LF22S;
				INFOPLIST_FILE = "Health Tracker/Info.plist";
				LD_RUNPATH_SEARCH_PATHS = (
					"$(inherited)",
					"@executable_path/Frameworks",
				);
				PRODUCT_BUNDLE_IDENTIFIER = "com.CS4278FinalProject.Health-Tracker";
				PRODUCT_NAME = "$(TARGET_NAME)";
				SWIFT_VERSION = 4.0;
				TARGETED_DEVICE_FAMILY = 1;
			};
			name = Debug;
		};
		6AF844AC2191159C004B2D5B /* Release */ = {
			isa = XCBuildConfiguration;
			buildSettings = {
				ASSETCATALOG_COMPILER_APPICON_NAME = AppIcon;
				CODE_SIGN_STYLE = Automatic;
				DEVELOPMENT_TEAM = 7ST84LF22S;
				INFOPLIST_FILE = "Health Tracker/Info.plist";
				LD_RUNPATH_SEARCH_PATHS = (
					"$(inherited)",
					"@executable_path/Frameworks",
				);
				PRODUCT_BUNDLE_IDENTIFIER = "com.CS4278FinalProject.Health-Tracker";
				PRODUCT_NAME = "$(TARGET_NAME)";
				SWIFT_VERSION = 4.0;
				TARGETED_DEVICE_FAMILY = 1;
			};
			name = Release;
		};
		B016A6D121BD0C3B003184B3 /* Debug */ = {
			isa = XCBuildConfiguration;
			buildSettings = {
				CODE_SIGN_STYLE = Automatic;
				INFOPLIST_FILE = "Health TrackerTests/Info.plist";
				IPHONEOS_DEPLOYMENT_TARGET = 12.1;
				LD_RUNPATH_SEARCH_PATHS = (
					"$(inherited)",
					"@executable_path/Frameworks",
					"@loader_path/Frameworks",
				);
				MTL_ENABLE_DEBUG_INFO = INCLUDE_SOURCE;
				MTL_FAST_MATH = YES;
				PRODUCT_BUNDLE_IDENTIFIER = "self.edu.Health-TrackerTests";
				PRODUCT_NAME = "$(TARGET_NAME)";
				SWIFT_VERSION = 4.2;
				TARGETED_DEVICE_FAMILY = "1,2";
				TEST_HOST = "$(BUILT_PRODUCTS_DIR)/Health Tracker.app/Health Tracker";
			};
			name = Debug;
		};
		B016A6D221BD0C3B003184B3 /* Release */ = {
			isa = XCBuildConfiguration;
			buildSettings = {
				CODE_SIGN_STYLE = Automatic;
				INFOPLIST_FILE = "Health TrackerTests/Info.plist";
				IPHONEOS_DEPLOYMENT_TARGET = 12.1;
				LD_RUNPATH_SEARCH_PATHS = (
					"$(inherited)",
					"@executable_path/Frameworks",
					"@loader_path/Frameworks",
				);
				MTL_FAST_MATH = YES;
				PRODUCT_BUNDLE_IDENTIFIER = "self.edu.Health-TrackerTests";
				PRODUCT_NAME = "$(TARGET_NAME)";
				SWIFT_VERSION = 4.2;
				TARGETED_DEVICE_FAMILY = "1,2";
				TEST_HOST = "$(BUILT_PRODUCTS_DIR)/Health Tracker.app/Health Tracker";
			};
			name = Release;
		};
		B0198E6321BDB3EF008F0BF8 /* Debug */ = {
			isa = XCBuildConfiguration;
			buildSettings = {
				BUNDLE_LOADER = "$(TEST_HOST)";
				CODE_SIGN_STYLE = Automatic;
				INFOPLIST_FILE = "Health TrackerTestSuite/Info.plist";
				IPHONEOS_DEPLOYMENT_TARGET = 12.1;
				LD_RUNPATH_SEARCH_PATHS = (
					"$(inherited)",
					"@executable_path/Frameworks",
					"@loader_path/Frameworks",
				);
				MTL_ENABLE_DEBUG_INFO = INCLUDE_SOURCE;
				MTL_FAST_MATH = YES;
				PRODUCT_BUNDLE_IDENTIFIER = "self.edu.Health-TrackerTestSuite";
				PRODUCT_NAME = "$(TARGET_NAME)";
				SWIFT_VERSION = 4.2;
				TARGETED_DEVICE_FAMILY = "1,2";
				TEST_HOST = "$(BUILT_PRODUCTS_DIR)/Health Tracker.app/Health Tracker";
			};
			name = Debug;
		};
		B0198E6421BDB3EF008F0BF8 /* Release */ = {
			isa = XCBuildConfiguration;
			buildSettings = {
				BUNDLE_LOADER = "$(TEST_HOST)";
				CODE_SIGN_STYLE = Automatic;
				INFOPLIST_FILE = "Health TrackerTestSuite/Info.plist";
				IPHONEOS_DEPLOYMENT_TARGET = 12.1;
				LD_RUNPATH_SEARCH_PATHS = (
					"$(inherited)",
					"@executable_path/Frameworks",
					"@loader_path/Frameworks",
				);
				MTL_FAST_MATH = YES;
				PRODUCT_BUNDLE_IDENTIFIER = "self.edu.Health-TrackerTestSuite";
				PRODUCT_NAME = "$(TARGET_NAME)";
				SWIFT_VERSION = 4.2;
				TARGETED_DEVICE_FAMILY = "1,2";
				TEST_HOST = "$(BUILT_PRODUCTS_DIR)/Health Tracker.app/Health Tracker";
			};
			name = Release;
		};
/* End XCBuildConfiguration section */

/* Begin XCConfigurationList section */
		6AF844932191159A004B2D5B /* Build configuration list for PBXProject "Health Tracker" */ = {
			isa = XCConfigurationList;
			buildConfigurations = (
				6AF844A82191159C004B2D5B /* Debug */,
				6AF844A92191159C004B2D5B /* Release */,
			);
			defaultConfigurationIsVisible = 0;
			defaultConfigurationName = Release;
		};
		6AF844AA2191159C004B2D5B /* Build configuration list for PBXNativeTarget "Health Tracker" */ = {
			isa = XCConfigurationList;
			buildConfigurations = (
				6AF844AB2191159C004B2D5B /* Debug */,
				6AF844AC2191159C004B2D5B /* Release */,
			);
			defaultConfigurationIsVisible = 0;
			defaultConfigurationName = Release;
		};
		B016A6D321BD0C3B003184B3 /* Build configuration list for PBXNativeTarget "Health TrackerTests" */ = {
			isa = XCConfigurationList;
			buildConfigurations = (
				B016A6D121BD0C3B003184B3 /* Debug */,
				B016A6D221BD0C3B003184B3 /* Release */,
			);
			defaultConfigurationIsVisible = 0;
			defaultConfigurationName = Release;
		};
		B0198E6221BDB3EF008F0BF8 /* Build configuration list for PBXNativeTarget "Health TrackerTestSuite" */ = {
			isa = XCConfigurationList;
			buildConfigurations = (
				B0198E6321BDB3EF008F0BF8 /* Debug */,
				B0198E6421BDB3EF008F0BF8 /* Release */,
			);
			defaultConfigurationIsVisible = 0;
			defaultConfigurationName = Release;
		};
/* End XCConfigurationList section */

/* Begin XCVersionGroup section */
		6AF844E621AFAA25004B2D5B /* DataModel.xcdatamodeld */ = {
			isa = XCVersionGroup;
			children = (
				6AF844E721AFAA25004B2D5B /* DataModel.xcdatamodel */,
			);
			currentVersion = 6AF844E721AFAA25004B2D5B /* DataModel.xcdatamodel */;
			path = DataModel.xcdatamodeld;
			sourceTree = "<group>";
			versionGroupType = wrapper.xcdatamodel;
		};
/* End XCVersionGroup section */
	};
	rootObject = 6AF844902191159A004B2D5B /* Project object */;
}
